schema = "reprobuild.solved-graph-lock.v2"

[lock]
platform = "amd64-linux"
optimal = false
inputs_digest = "fnv1a64:4fd78348e0ff1633"
variants = []
packages = [{ name = "gcc", version = "12.0.0", source = "gcc", selection = "selected" }, { name = "nim", version = "2.0.0", source = "nim", selection = "selected" }, { name = "shm_queue", version = "0.1.0", source = "shm_queue", selection = "selected" }]
deps = [{ name = "nim-shm-queue", path = ".", coord_kind = "vcs", url = "https://github.com/metacraft-labs/nim-shm-queue", ref = "agents-to-dev-2026-10-03", revision = "58052184da5ca04643a699e9a216e900a3ea0721", integrity = "git-sha1:58052184da5ca04643a699e9a216e900a3ea0721", version = "", visibility = "public", participation = "", depends = "reprobuild", tags = "" }, { name = "reprobuild", path = "../reprobuild", coord_kind = "vcs", url = "https://github.com/metacraft-labs/reprobuild", ref = "dev", revision = "76659f5730ecf698b1963c656494d2cb66eb256d", integrity = "git-sha1:76659f5730ecf698b1963c656494d2cb66eb256d", version = "", visibility = "public", participation = "", depends = "", tags = "" }]
