schema = "reprobuild.solved-graph-lock.v2"

[lock]
platform = "amd64-linux"
optimal = false
inputs_digest = "fnv1a64:4fd78348e0ff1633"
variants = []
packages = [{ name = "gcc", version = "12.0.0", source = "gcc", selection = "selected" }, { name = "nim", version = "2.0.0", source = "nim", selection = "selected" }, { name = "shm_queue", version = "0.1.0", source = "shm_queue", selection = "selected" }]
deps = [{ name = "nim-shm-queue", path = ".", coord_kind = "vcs", url = "https://github.com/metacraft-labs/nim-shm-queue", ref = "dev", revision = "d162a5119be5233e16ecb41c503f751f0b5c4600", integrity = "git-sha1:d162a5119be5233e16ecb41c503f751f0b5c4600", version = "", visibility = "public", participation = "", depends = "", tags = "" }]
